// !$*UTF8*$!
{
	archiveVersion = 1;
	classes = {
	};
	objectVersion = 55;
	objects = {

/* Begin PBXBuildFile section */
		7D94067427DE40AF006DC3B9 /* GoodVillainApp.swift in Sources */ = {isa = PBXBuildFile; fileRef = 7D94067327DE40AF006DC3B9 /* GoodVillainApp.swift */; };
		7D94067627DE40AF006DC3B9 /* ContentView.swift in Sources */ = {isa = PBXBuildFile; fileRef = 7D94067527DE40AF006DC3B9 /* ContentView.swift */; };
		7D94067827DE40B4006DC3B9 /* Assets.xcassets in Resources */ = {isa = PBXBuildFile; fileRef = 7D94067727DE40B4006DC3B9 /* Assets.xcassets */; };
		7D94067B27DE40B4006DC3B9 /* Preview Assets.xcassets in Resources */ = {isa = PBXBuildFile; fileRef = 7D94067A27DE40B4006DC3B9 /* Preview Assets.xcassets */; };
		7D94068527DE40B4006DC3B9 /* GoodVillainTests.swift in Sources */ = {isa = PBXBuildFile; fileRef = 7D94068427DE40B4006DC3B9 /* GoodVillainTests.swift */; };
		7D94069F27DE45F5006DC3B9 /* Yams in Frameworks */ = {isa = PBXBuildFile; productRef = 7D94069E27DE45F5006DC3B9 /* Yams */; };
		7D9406A127DE4B3F006DC3B9 /* craftables.yml in Resources */ = {isa = PBXBuildFile; fileRef = 7D9406A027DE4B3F006DC3B9 /* craftables.yml */; };
		7D9406A327DE4C35006DC3B9 /* CraftableStore.swift in Sources */ = {isa = PBXBuildFile; fileRef = 7D9406A227DE4C35006DC3B9 /* CraftableStore.swift */; };
/* End PBXBuildFile section */

/* Begin PBXContainerItemProxy section */
		7D94068127DE40B4006DC3B9 /* PBXContainerItemProxy */ = {
			isa = PBXContainerItemProxy;
			containerPortal = 7D94066827DE40AF006DC3B9 /* Project object */;
			proxyType = 1;
			remoteGlobalIDString = 7D94066F27DE40AF006DC3B9;
			remoteInfo = GoodVillain;
		};
/* End PBXContainerItemProxy section */

/* Begin PBXFileReference section */
		7D94067027DE40AF006DC3B9 /* GoodVillain.app */ = {isa = PBXFileReference; explicitFileType = wrapper.application; includeInIndex = 0; path = GoodVillain.app; sourceTree = BUILT_PRODUCTS_DIR; };
		7D94067327DE40AF006DC3B9 /* GoodVillainApp.swift */ = {isa = PBXFileReference; lastKnownFileType = sourcecode.swift; path = GoodVillainApp.swift; sourceTree = "<group>"; };
		7D94067527DE40AF006DC3B9 /* ContentView.swift */ = {isa = PBXFileReference; lastKnownFileType = sourcecode.swift; path = ContentView.swift; sourceTree = "<group>"; };
		7D94067727DE40B4006DC3B9 /* Assets.xcassets */ = {isa = PBXFileReference; lastKnownFileType = folder.assetcatalog; path = Assets.xcassets; sourceTree = "<group>"; };
		7D94067A27DE40B4006DC3B9 /* Preview Assets.xcassets */ = {isa = PBXFileReference; lastKnownFileType = folder.assetcatalog; path = "Preview Assets.xcassets"; sourceTree = "<group>"; };
		7D94068027DE40B4006DC3B9 /* GoodVillainTests.xctest */ = {isa = PBXFileReference; explicitFileType = wrapper.cfbundle; includeInIndex = 0; path = GoodVillainTests.xctest; sourceTree = BUILT_PRODUCTS_DIR; };
		7D94068427DE40B4006DC3B9 /* GoodVillainTests.swift */ = {isa = PBXFileReference; lastKnownFileType = sourcecode.swift; path = GoodVillainTests.swift; sourceTree = "<group>"; };
		7D9406A027DE4B3F006DC3B9 /* craftables.yml */ = {isa = PBXFileReference; fileEncoding = 4; lastKnownFileType = text.yaml; name = craftables.yml; path = ../../Assets/craftables.yml; sourceTree = "<group>"; };
		7D9406A227DE4C35006DC3B9 /* CraftableStore.swift */ = {isa = PBXFileReference; lastKnownFileType = sourcecode.swift; path = CraftableStore.swift; sourceTree = "<group>"; };
/* End PBXFileReference section */

/* Begin PBXFrameworksBuildPhase section */
		7D94066D27DE40AF006DC3B9 /* Frameworks */ = {
			isa = PBXFrameworksBuildPhase;
			buildActionMask = 2147483647;
			files = (
				7D94069F27DE45F5006DC3B9 /* Yams in Frameworks */,
			);
			runOnlyForDeploymentPostprocessing = 0;
		};
		7D94067D27DE40B4006DC3B9 /* Frameworks */ = {
			isa = PBXFrameworksBuildPhase;
			buildActionMask = 2147483647;
			files = (
			);
			runOnlyForDeploymentPostprocessing = 0;
		};
/* End PBXFrameworksBuildPhase section */

/* Begin PBXGroup section */
		7D94066727DE40AF006DC3B9 = {
			isa = PBXGroup;
			children = (
				7D94067227DE40AF006DC3B9 /* GoodVillain */,
				7D94068327DE40B4006DC3B9 /* GoodVillainTests */,
				7D94067127DE40AF006DC3B9 /* Products */,
			);
			sourceTree = "<group>";
		};
		7D94067127DE40AF006DC3B9 /* Products */ = {
			isa = PBXGroup;
			children = (
				7D94067027DE40AF006DC3B9 /* GoodVillain.app */,
				7D94068027DE40B4006DC3B9 /* GoodVillainTests.xctest */,
			);
			name = Products;
			sourceTree = "<group>";
		};
		7D94067227DE40AF006DC3B9 /* GoodVillain */ = {
			isa = PBXGroup;
			children = (
				7D94067327DE40AF006DC3B9 /* GoodVillainApp.swift */,
				7D94067527DE40AF006DC3B9 /* ContentView.swift */,
				7D94067727DE40B4006DC3B9 /* Assets.xcassets */,
				7D9406A027DE4B3F006DC3B9 /* craftables.yml */,
				7D94067927DE40B4006DC3B9 /* Preview Content */,
				7D9406A227DE4C35006DC3B9 /* CraftableStore.swift */,
			);
			path = GoodVillain;
			sourceTree = "<group>";
		};
		7D94067927DE40B4006DC3B9 /* Preview Content */ = {
			isa = PBXGroup;
			children = (
				7D94067A27DE40B4006DC3B9 /* Preview Assets.xcassets */,
			);
			path = "Preview Content";
			sourceTree = "<group>";
		};
		7D94068327DE40B4006DC3B9 /* GoodVillainTests */ = {
			isa = PBXGroup;
			children = (
				7D94068427DE40B4006DC3B9 /* GoodVillainTests.swift */,
			);
			path = GoodVillainTests;
			sourceTree = "<group>";
		};
/* End PBXGroup section */

/* Begin PBXNativeTarget section */
		7D94066F27DE40AF006DC3B9 /* GoodVillain */ = {
			isa = PBXNativeTarget;
			buildConfigurationList = 7D94069427DE40B4006DC3B9 /* Build configuration list for PBXNativeTarget "GoodVillain" */;
			buildPhases = (
				7D94066C27DE40AF006DC3B9 /* Sources */,
				7D94066D27DE40AF006DC3B9 /* Frameworks */,
				7D94066E27DE40AF006DC3B9 /* Resources */,
			);
			buildRules = (
			);
			dependencies = (
			);
			name = GoodVillain;
			packageProductDependencies = (
				7D94069E27DE45F5006DC3B9 /* Yams */,
			);
			productName = GoodVillain;
			productReference = 7D94067027DE40AF006DC3B9 /* GoodVillain.app */;
			productType = "com.apple.product-type.application";
		};
		7D94067F27DE40B4006DC3B9 /* GoodVillainTests */ = {
			isa = PBXNativeTarget;
			buildConfigurationList = 7D94069727DE40B4006DC3B9 /* Build configuration list for PBXNativeTarget "GoodVillainTests" */;
			buildPhases = (
				7D94067C27DE40B4006DC3B9 /* Sources */,
				7D94067D27DE40B4006DC3B9 /* Frameworks */,
				7D94067E27DE40B4006DC3B9 /* Resources */,
			);
			buildRules = (
			);
			dependencies = (
				7D94068227DE40B4006DC3B9 /* PBXTargetDependency */,
			);
			name = GoodVillainTests;
			productName = GoodVillainTests;
			productReference = 7D94068027DE40B4006DC3B9 /* GoodVillainTests.xctest */;
			productType = "com.apple.product-type.bundle.unit-test";
		};
/* End PBXNativeTarget section */

/* Begin PBXProject section */
		7D94066827DE40AF006DC3B9 /* Project object */ = {
			isa = PBXProject;
			attributes = {
				BuildIndependentTargetsInParallel = 1;
				LastSwiftUpdateCheck = 1310;
				LastUpgradeCheck = 1310;
				TargetAttributes = {
					7D94066F27DE40AF006DC3B9 = {
						CreatedOnToolsVersion = 13.1;
					};
					7D94067F27DE40B4006DC3B9 = {
						CreatedOnToolsVersion = 13.1;
						TestTargetID = 7D94066F27DE40AF006DC3B9;
					};
				};
			};
			buildConfigurationList = 7D94066B27DE40AF006DC3B9 /* Build configuration list for PBXProject "GoodVillain" */;
			compatibilityVersion = "Xcode 13.0";
			developmentRegion = en;
			hasScannedForEncodings = 0;
			knownRegions = (
				en,
				Base,
			);
			mainGroup = 7D94066727DE40AF006DC3B9;
			packageReferences = (
				7D94069D27DE45F5006DC3B9 /* XCRemoteSwiftPackageReference "Yams" */,
			);
			productRefGroup = 7D94067127DE40AF006DC3B9 /* Products */;
			projectDirPath = "";
			projectRoot = "";
			targets = (
				7D94066F27DE40AF006DC3B9 /* GoodVillain */,
				7D94067F27DE40B4006DC3B9 /* GoodVillainTests */,
			);
		};
/* End PBXProject section */

/* Begin PBXResourcesBuildPhase section */
		7D94066E27DE40AF006DC3B9 /* Resources */ = {
			isa = PBXResourcesBuildPhase;
			buildActionMask = 2147483647;
			files = (
				7D9406A127DE4B3F006DC3B9 /* craftables.yml in Resources */,
				7D94067B27DE40B4006DC3B9 /* Preview Assets.xcassets in Resources */,
				7D94067827DE40B4006DC3B9 /* Assets.xcassets in Resources */,
			);
			runOnlyForDeploymentPostprocessing = 0;
		};
		7D94067E27DE40B4006DC3B9 /* Resources */ = {
			isa = PBXResourcesBuildPhase;
			buildActionMask = 2147483647;
			files = (
			);
			runOnlyForDeploymentPostprocessing = 0;
		};
/* End PBXResourcesBuildPhase section */

/* Begin PBXSourcesBuildPhase section */
		7D94066C27DE40AF006DC3B9 /* Sources */ = {
			isa = PBXSourcesBuildPhase;
			buildActionMask = 2147483647;
			files = (
				7D9406A327DE4C35006DC3B9 /* CraftableStore.swift in Sources */,
				7D94067627DE40AF006DC3B9 /* ContentView.swift in Sources */,
				7D94067427DE40AF006DC3B9 /* GoodVillainApp.swift in Sources */,
			);
			runOnlyForDeploymentPostprocessing = 0;
		};
		7D94067C27DE40B4006DC3B9 /* Sources */ = {
			isa = PBXSourcesBuildPhase;
			buildActionMask = 2147483647;
			files = (
				7D94068527DE40B4006DC3B9 /* GoodVillainTests.swift in Sources */,
			);
			runOnlyForDeploymentPostprocessing = 0;
		};
/* End PBXSourcesBuildPhase section */

/* Begin PBXTargetDependency section */
		7D94068227DE40B4006DC3B9 /* PBXTargetDependency */ = {
			isa = PBXTargetDependency;
			target = 7D94066F27DE40AF006DC3B9 /* GoodVillain */;
			targetProxy = 7D94068127DE40B4006DC3B9 /* PBXContainerItemProxy */;
		};
/* End PBXTargetDependency section */

/* Begin XCBuildConfiguration section */
		7D94069227DE40B4006DC3B9 /* Debug */ = {
			isa = XCBuildConfiguration;
			buildSettings = {
				ALWAYS_SEARCH_USER_PATHS = NO;
				CLANG_ANALYZER_NONNULL = YES;
				CLANG_ANALYZER_NUMBER_OBJECT_CONVERSION = YES_AGGRESSIVE;
				CLANG_CXX_LANGUAGE_STANDARD = "gnu++17";
				CLANG_CXX_LIBRARY = "libc++";
				CLANG_ENABLE_MODULES = YES;
				CLANG_ENABLE_OBJC_ARC = YES;
				CLANG_ENABLE_OBJC_WEAK = YES;
				CLANG_WARN_BLOCK_CAPTURE_AUTORELEASING = YES;
				CLANG_WARN_BOOL_CONVERSION = YES;
				CLANG_WARN_COMMA = YES;
				CLANG_WARN_CONSTANT_CONVERSION = YES;
				CLANG_WARN_DEPRECATED_OBJC_IMPLEMENTATIONS = YES;
				CLANG_WARN_DIRECT_OBJC_ISA_USAGE = YES_ERROR;
				CLANG_WARN_DOCUMENTATION_COMMENTS = YES;
				CLANG_WARN_EMPTY_BODY = YES;
				CLANG_WARN_ENUM_CONVERSION = YES;
				CLANG_WARN_INFINITE_RECURSION = YES;
				CLANG_WARN_INT_CONVERSION = YES;
				CLANG_WARN_NON_LITERAL_NULL_CONVERSION = YES;
				CLANG_WARN_OBJC_IMPLICIT_RETAIN_SELF = YES;
				CLANG_WARN_OBJC_LITERAL_CONVERSION = YES;
				CLANG_WARN_OBJC_ROOT_CLASS = YES_ERROR;
				CLANG_WARN_QUOTED_INCLUDE_IN_FRAMEWORK_HEADER = YES;
				CLANG_WARN_RANGE_LOOP_ANALYSIS = YES;
				CLANG_WARN_STRICT_PROTOTYPES = YES;
				CLANG_WARN_SUSPICIOUS_MOVE = YES;
				CLANG_WARN_UNGUARDED_AVAILABILITY = YES_AGGRESSIVE;
				CLANG_WARN_UNREACHABLE_CODE = YES;
				CLANG_WARN__DUPLICATE_METHOD_MATCH = YES;
				COPY_PHASE_STRIP = NO;
				DEBUG_INFORMATION_FORMAT = dwarf;
				ENABLE_STRICT_OBJC_MSGSEND = YES;
				ENABLE_TESTABILITY = YES;
				GCC_C_LANGUAGE_STANDARD = gnu11;
				GCC_DYNAMIC_NO_PIC = NO;
				GCC_NO_COMMON_BLOCKS = YES;
				GCC_OPTIMIZATION_LEVEL = 0;
				GCC_PREPROCESSOR_DEFINITIONS = (
					"DEBUG=1",
					"$(inherited)",
				);
				GCC_WARN_64_TO_32_BIT_CONVERSION = YES;
				GCC_WARN_ABOUT_RETURN_TYPE = YES_ERROR;
				GCC_WARN_UNDECLARED_SELECTOR = YES;
				GCC_WARN_UNINITIALIZED_AUTOS = YES_AGGRESSIVE;
				GCC_WARN_UNUSED_FUNCTION = YES;
				GCC_WARN_UNUSED_VARIABLE = YES;
				IPHONEOS_DEPLOYMENT_TARGET = 15.0;
				MTL_ENABLE_DEBUG_INFO = INCLUDE_SOURCE;
				MTL_FAST_MATH = YES;
				ONLY_ACTIVE_ARCH = YES;
				SDKROOT = iphoneos;
				SWIFT_ACTIVE_COMPILATION_CONDITIONS = DEBUG;
				SWIFT_OPTIMIZATION_LEVEL = "-Onone";
			};
			name = Debug;
		};
		7D94069327DE40B4006DC3B9 /* Release */ = {
			isa = XCBuildConfiguration;
			buildSettings = {
				ALWAYS_SEARCH_USER_PATHS = NO;
				CLANG_ANALYZER_NONNULL = YES;
				CLANG_ANALYZER_NUMBER_OBJECT_CONVERSION = YES_AGGRESSIVE;
				CLANG_CXX_LANGUAGE_STANDARD = "gnu++17";
				CLANG_CXX_LIBRARY = "libc++";
				CLANG_ENABLE_MODULES = YES;
				CLANG_ENABLE_OBJC_ARC = YES;
				CLANG_ENABLE_OBJC_WEAK = YES;
				CLANG_WARN_BLOCK_CAPTURE_AUTORELEASING = YES;
				CLANG_WARN_BOOL_CONVERSION = YES;
				CLANG_WARN_COMMA = YES;
				CLANG_WARN_CONSTANT_CONVERSION = YES;
				CLANG_WARN_DEPRECATED_OBJC_IMPLEMENTATIONS = YES;
				CLANG_WARN_DIRECT_OBJC_ISA_USAGE = YES_ERROR;
				CLANG_WARN_DOCUMENTATION_COMMENTS = YES;
				CLANG_WARN_EMPTY_BODY = YES;
				CLANG_WARN_ENUM_CONVERSION = YES;
				CLANG_WARN_INFINITE_RECURSION = YES;
				CLANG_WARN_INT_CONVERSION = YES;
				CLANG_WARN_NON_LITERAL_NULL_CONVERSION = YES;
				CLANG_WARN_OBJC_IMPLICIT_RETAIN_SELF = YES;
				CLANG_WARN_OBJC_LITERAL_CONVERSION = YES;
				CLANG_WARN_OBJC_ROOT_CLASS = YES_ERROR;
				CLANG_WARN_QUOTED_INCLUDE_IN_FRAMEWORK_HEADER = YES;
				CLANG_WARN_RANGE_LOOP_ANALYSIS = YES;
				CLANG_WARN_STRICT_PROTOTYPES = YES;
				CLANG_WARN_SUSPICIOUS_MOVE = YES;
				CLANG_WARN_UNGUARDED_AVAILABILITY = YES_AGGRESSIVE;
				CLANG_WARN_UNREACHABLE_CODE = YES;
				CLANG_WARN__DUPLICATE_METHOD_MATCH = YES;
				COPY_PHASE_STRIP = NO;
				DEBUG_INFORMATION_FORMAT = "dwarf-with-dsym";
				ENABLE_NS_ASSERTIONS = NO;
				ENABLE_STRICT_OBJC_MSGSEND = YES;
				GCC_C_LANGUAGE_STANDARD = gnu11;
				GCC_NO_COMMON_BLOCKS = YES;
				GCC_WARN_64_TO_32_BIT_CONVERSION = YES;
				GCC_WARN_ABOUT_RETURN_TYPE = YES_ERROR;
				GCC_WARN_UNDECLARED_SELECTOR = YES;
				GCC_WARN_UNINITIALIZED_AUTOS = YES_AGGRESSIVE;
				GCC_WARN_UNUSED_FUNCTION = YES;
				GCC_WARN_UNUSED_VARIABLE = YES;
				IPHONEOS_DEPLOYMENT_TARGET = 15.0;
				MTL_ENABLE_DEBUG_INFO = NO;
				MTL_FAST_MATH = YES;
				SDKROOT = iphoneos;
				SWIFT_COMPILATION_MODE = wholemodule;
				SWIFT_OPTIMIZATION_LEVEL = "-O";
				VALIDATE_PRODUCT = YES;
			};
			name = Release;
		};
		7D94069527DE40B4006DC3B9 /* Debug */ = {
			isa = XCBuildConfiguration;
			buildSettings = {
				ASSETCATALOG_COMPILER_APPICON_NAME = AppIcon;
				ASSETCATALOG_COMPILER_GLOBAL_ACCENT_COLOR_NAME = AccentColor;
				CODE_SIGN_STYLE = Automatic;
				CURRENT_PROJECT_VERSION = 1;
				DEVELOPMENT_ASSET_PATHS = "\"GoodVillain/Preview Content\"";
				DEVELOPMENT_TEAM = 2HBB3G8HCG;
				ENABLE_PREVIEWS = YES;
				GENERATE_INFOPLIST_FILE = YES;
				INFOPLIST_KEY_UIApplicationSceneManifest_Generation = YES;
				INFOPLIST_KEY_UIApplicationSupportsIndirectInputEvents = YES;
				INFOPLIST_KEY_UILaunchScreen_Generation = YES;
				INFOPLIST_KEY_UISupportedInterfaceOrientations_iPad = "UIInterfaceOrientationPortrait UIInterfaceOrientationPortraitUpsideDown UIInterfaceOrientationLandscapeLeft UIInterfaceOrientationLandscapeRight";
				INFOPLIST_KEY_UISupportedInterfaceOrientations_iPhone = "UIInterfaceOrientationPortrait UIInterfaceOrientationLandscapeLeft UIInterfaceOrientationLandscapeRight";
				LD_RUNPATH_SEARCH_PATHS = (
					"$(inherited)",
					"@executable_path/Frameworks",
				);
				MARKETING_VERSION = 1.0;
				PRODUCT_BUNDLE_IDENTIFIER = com.borkware.GoodVillain;
				PRODUCT_NAME = "$(TARGET_NAME)";
				SWIFT_EMIT_LOC_STRINGS = YES;
				SWIFT_VERSION = 5.0;
				TARGETED_DEVICE_FAMILY = "1,2";
			};
			name = Debug;
		};
		7D94069627DE40B4006DC3B9 /* Release */ = {
			isa = XCBuildConfiguration;
			buildSettings = {
				ASSETCATALOG_COMPILER_APPICON_NAME = AppIcon;
				ASSETCATALOG_COMPILER_GLOBAL_ACCENT_COLOR_NAME = AccentColor;
				CODE_SIGN_STYLE = Automatic;
				CURRENT_PROJECT_VERSION = 1;
				DEVELOPMENT_ASSET_PATHS = "\"GoodVillain/Preview Content\"";
				DEVELOPMENT_TEAM = 2HBB3G8HCG;
				ENABLE_PREVIEWS = YES;
				GENERATE_INFOPLIST_FILE = YES;
				INFOPLIST_KEY_UIApplicationSceneManifest_Generation = YES;
				INFOPLIST_KEY_UIApplicationSupportsIndirectInputEvents = YES;
				INFOPLIST_KEY_UILaunchScreen_Generation = YES;
				INFOPLIST_KEY_UISupportedInterfaceOrientations_iPad = "UIInterfaceOrientationPortrait UIInterfaceOrientationPortraitUpsideDown UIInterfaceOrientationLandscapeLeft UIInterfaceOrientationLandscapeRight";
				INFOPLIST_KEY_UISupportedInterfaceOrientations_iPhone = "UIInterfaceOrientationPortrait UIInterfaceOrientationLandscapeLeft UIInterfaceOrientationLandscapeRight";
				LD_RUNPATH_SEARCH_PATHS = (
					"$(inherited)",
					"@executable_path/Frameworks",
				);
				MARKETING_VERSION = 1.0;
				PRODUCT_BUNDLE_IDENTIFIER = com.borkware.GoodVillain;
				PRODUCT_NAME = "$(TARGET_NAME)";
				SWIFT_EMIT_LOC_STRINGS = YES;
				SWIFT_VERSION = 5.0;
				TARGETED_DEVICE_FAMILY = "1,2";
			};
			name = Release;
		};
		7D94069827DE40B4006DC3B9 /* Debug */ = {
			isa = XCBuildConfiguration;
			buildSettings = {
				ALWAYS_EMBED_SWIFT_STANDARD_LIBRARIES = YES;
				BUNDLE_LOADER = "$(TEST_HOST)";
				CODE_SIGN_STYLE = Automatic;
				CURRENT_PROJECT_VERSION = 1;
				DEVELOPMENT_TEAM = 2HBB3G8HCG;
				GENERATE_INFOPLIST_FILE = YES;
				IPHONEOS_DEPLOYMENT_TARGET = 15.0;
				LD_RUNPATH_SEARCH_PATHS = (
					"$(inherited)",
					"@executable_path/Frameworks",
					"@loader_path/Frameworks",
				);
				MARKETING_VERSION = 1.0;
				PRODUCT_BUNDLE_IDENTIFIER = com.borkware.GoodVillainTests;
				PRODUCT_NAME = "$(TARGET_NAME)";
				SWIFT_EMIT_LOC_STRINGS = NO;
				SWIFT_VERSION = 5.0;
				TARGETED_DEVICE_FAMILY = "1,2";
				TEST_HOST = "$(BUILT_PRODUCTS_DIR)/GoodVillain.app/GoodVillain";
			};
			name = Debug;
		};
		7D94069927DE40B4006DC3B9 /* Release */ = {
			isa = XCBuildConfiguration;
			buildSettings = {
				ALWAYS_EMBED_SWIFT_STANDARD_LIBRARIES = YES;
				BUNDLE_LOADER = "$(TEST_HOST)";
				CODE_SIGN_STYLE = Automatic;
				CURRENT_PROJECT_VERSION = 1;
				DEVELOPMENT_TEAM = 2HBB3G8HCG;
				GENERATE_INFOPLIST_FILE = YES;
				IPHONEOS_DEPLOYMENT_TARGET = 15.0;
				LD_RUNPATH_SEARCH_PATHS = (
					"$(inherited)",
					"@executable_path/Frameworks",
					"@loader_path/Frameworks",
				);
				MARKETING_VERSION = 1.0;
				PRODUCT_BUNDLE_IDENTIFIER = com.borkware.GoodVillainTests;
				PRODUCT_NAME = "$(TARGET_NAME)";
				SWIFT_EMIT_LOC_STRINGS = NO;
				SWIFT_VERSION = 5.0;
				TARGETED_DEVICE_FAMILY = "1,2";
				TEST_HOST = "$(BUILT_PRODUCTS_DIR)/GoodVillain.app/GoodVillain";
			};
			name = Release;
		};
/* End XCBuildConfiguration section */

/* Begin XCConfigurationList section */
		7D94066B27DE40AF006DC3B9 /* Build configuration list for PBXProject "GoodVillain" */ = {
			isa = XCConfigurationList;
			buildConfigurations = (
				7D94069227DE40B4006DC3B9 /* Debug */,
				7D94069327DE40B4006DC3B9 /* Release */,
			);
			defaultConfigurationIsVisible = 0;
			defaultConfigurationName = Release;
		};
		7D94069427DE40B4006DC3B9 /* Build configuration list for PBXNativeTarget "GoodVillain" */ = {
			isa = XCConfigurationList;
			buildConfigurations = (
				7D94069527DE40B4006DC3B9 /* Debug */,
				7D94069627DE40B4006DC3B9 /* Release */,
			);
			defaultConfigurationIsVisible = 0;
			defaultConfigurationName = Release;
		};
		7D94069727DE40B4006DC3B9 /* Build configuration list for PBXNativeTarget "GoodVillainTests" */ = {
			isa = XCConfigurationList;
			buildConfigurations = (
				7D94069827DE40B4006DC3B9 /* Debug */,
				7D94069927DE40B4006DC3B9 /* Release */,
			);
			defaultConfigurationIsVisible = 0;
			defaultConfigurationName = Release;
		};
/* End XCConfigurationList section */

/* Begin XCRemoteSwiftPackageReference section */
		7D94069D27DE45F5006DC3B9 /* XCRemoteSwiftPackageReference "Yams" */ = {
			isa = XCRemoteSwiftPackageReference;
			repositoryURL = "https://github.com/jpsim/Yams.git";
			requirement = {
				kind = upToNextMajorVersion;
				minimumVersion = 5.0.0;
			};
		};
/* End XCRemoteSwiftPackageReference section */

/* Begin XCSwiftPackageProductDependency section */
		7D94069E27DE45F5006DC3B9 /* Yams */ = {
			isa = XCSwiftPackageProductDependency;
			package = 7D94069D27DE45F5006DC3B9 /* XCRemoteSwiftPackageReference "Yams" */;
			productName = Yams;
		};
/* End XCSwiftPackageProductDependency section */
	};
	rootObject = 7D94066827DE40AF006DC3B9 /* Project object */;
}
